
Microsoft Visual Studio Solution File, Format Version 12.00
# Visual Studio Version 17
VisualStudioVersion = 17.0.31903.59
MinimumVisualStudioVersion = 10.0.40219.1
Project("{FAE04EC0-301F-11D3-BF4B-00C04F79EFBC}") = "Admin", "Admin\Admin.csproj", "{1ECB2786-1A2C-4AE7-83AD-451C229A5B47}"
EndProject
Project("{FAE04EC0-301F-11D3-BF4B-00C04F79EFBC}") = "Backups", "Backups\Backups.csproj", "{A40BD953-C61E-4EBB-B250-B4EB2CD019EC}"
EndProject
Project("{FAE04EC0-301F-11D3-BF4B-00C04F79EFBC}") = "Base", "Base\Base.csproj", "{AFBFF4CD-EB22-4CDA-9C61-6FE2B1B497A8}"
EndProject
Project("{FAE04EC0-301F-11D3-BF4B-00C04F79EFBC}") = "Microservice", "Microservice\Microservice.csproj", "{28EBFB89-2786-43FE-8A7C-D57A0C080F75}"
EndProject
Project("{FAE04EC0-301F-11D3-BF4B-00C04F79EFBC}") = "Scheduler", "Scheduler\Scheduler.csproj", "{045AAF74-5B9D-4187-8058-548F6BA1647A}"
EndProject
Global
	GlobalSection(SolutionConfigurationPlatforms) = preSolution
		Debug|Any CPU = Debug|Any CPU
		Release|Any CPU = Release|Any CPU
	EndGlobalSection
	GlobalSection(SolutionProperties) = preSolution
		HideSolutionNode = FALSE
	EndGlobalSection
	GlobalSection(ProjectConfigurationPlatforms) = postSolution
		{1ECB2786-1A2C-4AE7-83AD-451C229A5B47}.Debug|Any CPU.ActiveCfg = Debug|Any CPU
		{1ECB2786-1A2C-4AE7-83AD-451C229A5B47}.Debug|Any CPU.Build.0 = Debug|Any CPU
		{1ECB2786-1A2C-4AE7-83AD-451C229A5B47}.Release|Any CPU.ActiveCfg = Release|Any CPU
		{1ECB2786-1A2C-4AE7-83AD-451C229A5B47}.Release|Any CPU.Build.0 = Release|Any CPU
		{A40BD953-C61E-4EBB-B250-B4EB2CD019EC}.Debug|Any CPU.ActiveCfg = Debug|Any CPU
		{A40BD953-C61E-4EBB-B250-B4EB2CD019EC}.Debug|Any CPU.Build.0 = Debug|Any CPU
		{A40BD953-C61E-4EBB-B250-B4EB2CD019EC}.Release|Any CPU.ActiveCfg = Release|Any CPU
		{A40BD953-C61E-4EBB-B250-B4EB2CD019EC}.Release|Any CPU.Build.0 = Release|Any CPU
		{AFBFF4CD-EB22-4CDA-9C61-6FE2B1B497A8}.Debug|Any CPU.ActiveCfg = Debug|Any CPU
		{AFBFF4CD-EB22-4CDA-9C61-6FE2B1B497A8}.Debug|Any CPU.Build.0 = Debug|Any CPU
		{AFBFF4CD-EB22-4CDA-9C61-6FE2B1B497A8}.Release|Any CPU.ActiveCfg = Release|Any CPU
		{AFBFF4CD-EB22-4CDA-9C61-6FE2B1B497A8}.Release|Any CPU.Build.0 = Release|Any CPU
		{28EBFB89-2786-43FE-8A7C-D57A0C080F75}.Debug|Any CPU.ActiveCfg = Debug|Any CPU
		{28EBFB89-2786-43FE-8A7C-D57A0C080F75}.Debug|Any CPU.Build.0 = Debug|Any CPU
		{28EBFB89-2786-43FE-8A7C-D57A0C080F75}.Release|Any CPU.ActiveCfg = Release|Any CPU
		{28EBFB89-2786-43FE-8A7C-D57A0C080F75}.Release|Any CPU.Build.0 = Release|Any CPU
		{045AAF74-5B9D-4187-8058-548F6BA1647A}.Debug|Any CPU.ActiveCfg = Debug|Any CPU
		{045AAF74-5B9D-4187-8058-548F6BA1647A}.Debug|Any CPU.Build.0 = Debug|Any CPU
		{045AAF74-5B9D-4187-8058-548F6BA1647A}.Release|Any CPU.ActiveCfg = Release|Any CPU
		{045AAF74-5B9D-4187-8058-548F6BA1647A}.Release|Any CPU.Build.0 = Release|Any CPU
	EndGlobalSection
EndGlobal
